
Microsoft Visual Studio Solution File, Format Version 12.00
# Visual Studio Version 16
VisualStudioVersion = 16.0.30114.105
MinimumVisualStudioVersion = 10.0.40219.1
Project("{FAE04EC0-301F-11D3-BF4B-00C04F79EFBC}") = "SFCS_interface_test", "SFCS_interface_test\SFCS_interface_test.csproj", "{2AB0E403-C6D7-473C-A3E3-15347BC09EA4}"
EndProject
Global
	GlobalSection(SolutionConfigurationPlatforms) = preSolution
		Debug|Any CPU = Debug|Any CPU
		Release|Any CPU = Release|Any CPU
	EndGlobalSection
	GlobalSection(ProjectConfigurationPlatforms) = postSolution
		{2AB0E403-C6D7-473C-A3E3-15347BC09EA4}.Debug|Any CPU.ActiveCfg = Debug|Any CPU
		{2AB0E403-C6D7-473C-A3E3-15347BC09EA4}.Debug|Any CPU.Build.0 = Debug|Any CPU
		{2AB0E403-C6D7-473C-A3E3-15347BC09EA4}.Release|Any CPU.ActiveCfg = Release|Any CPU
		{2AB0E403-C6D7-473C-A3E3-15347BC09EA4}.Release|Any CPU.Build.0 = Release|Any CPU
	EndGlobalSection
	GlobalSection(SolutionProperties) = preSolution
		HideSolutionNode = FALSE
	EndGlobalSection
	GlobalSection(ExtensibilityGlobals) = postSolution
		SolutionGuid = {2F82B81F-055D-45A7-8230-DF174C8FEFC1}
	EndGlobalSection
EndGlobal
